// !$*UTF8*$!
{
	archiveVersion = 1;
	classes = {
	};
	objectVersion = 56;
	objects = {

/* Begin PBXBuildFile section */
		119A680F2AB8C45800F190C6 /* SwiftUIThinkingBootcampApp.swift in Sources */ = {isa = PBXBuildFile; fileRef = 119A680E2AB8C45800F190C6 /* SwiftUIThinkingBootcampApp.swift */; };
		119A68112AB8C45800F190C6 /* ContentView.swift in Sources */ = {isa = PBXBuildFile; fileRef = 119A68102AB8C45800F190C6 /* ContentView.swift */; };
		119A68132AB8C45900F190C6 /* Assets.xcassets in Resources */ = {isa = PBXBuildFile; fileRef = 119A68122AB8C45900F190C6 /* Assets.xcassets */; };
		119A68162AB8C45900F190C6 /* Preview Assets.xcassets in Resources */ = {isa = PBXBuildFile; fileRef = 119A68152AB8C45900F190C6 /* Preview Assets.xcassets */; };
		119A681D2AB8CF2400F190C6 /* TextBootcamp.swift in Sources */ = {isa = PBXBuildFile; fileRef = 119A681C2AB8CF2400F190C6 /* TextBootcamp.swift */; };
		11BB91972AB8E3A600822599 /* ShapesBootcamp.swift in Sources */ = {isa = PBXBuildFile; fileRef = 11BB91962AB8E3A600822599 /* ShapesBootcamp.swift */; };
		11BB91992AB8EA6C00822599 /* ColorsBootcamp.swift in Sources */ = {isa = PBXBuildFile; fileRef = 11BB91982AB8EA6C00822599 /* ColorsBootcamp.swift */; };
		11BB919B2ABA241D00822599 /* GradientsBootcamp.swift in Sources */ = {isa = PBXBuildFile; fileRef = 11BB919A2ABA241D00822599 /* GradientsBootcamp.swift */; };
		11BB919D2ABA2CBF00822599 /* IconsBootcamp.swift in Sources */ = {isa = PBXBuildFile; fileRef = 11BB919C2ABA2CBF00822599 /* IconsBootcamp.swift */; };
		11BB919F2ABA36DA00822599 /* ImageBootcamp.swift in Sources */ = {isa = PBXBuildFile; fileRef = 11BB919E2ABA36DA00822599 /* ImageBootcamp.swift */; };
		11BB91A22ABA3C2F00822599 /* FrameBootcamp.swift in Sources */ = {isa = PBXBuildFile; fileRef = 11BB91A12ABA3C2F00822599 /* FrameBootcamp.swift */; };
		11BB91A42ABB3C8400822599 /* BackgroundAndOverlayBootcamp.swift in Sources */ = {isa = PBXBuildFile; fileRef = 11BB91A32ABB3C8400822599 /* BackgroundAndOverlayBootcamp.swift */; };
		11BB91A72ABB4AB000822599 /* StacksBootcamp.swift in Sources */ = {isa = PBXBuildFile; fileRef = 11BB91A62ABB4AB000822599 /* StacksBootcamp.swift */; };
		11BB91A92ABB533E00822599 /* PaddingAndSpacerBootcamp.swift in Sources */ = {isa = PBXBuildFile; fileRef = 11BB91A82ABB533E00822599 /* PaddingAndSpacerBootcamp.swift */; };
		11BB91AB2ABB597400822599 /* SpacerBootcamp.swift in Sources */ = {isa = PBXBuildFile; fileRef = 11BB91AA2ABB597400822599 /* SpacerBootcamp.swift */; };
		11BB91F42AC32DF100822599 /* InitializerBootcamp.swift in Sources */ = {isa = PBXBuildFile; fileRef = 11BB91F32AC32DF100822599 /* InitializerBootcamp.swift */; };
		11ED121D2AC47C8D00831C7F /* ForEachBootcamp.swift in Sources */ = {isa = PBXBuildFile; fileRef = 11ED121C2AC47C8D00831C7F /* ForEachBootcamp.swift */; };
		11ED121F2AC48F0700831C7F /* ScrollViewBootcamp.swift in Sources */ = {isa = PBXBuildFile; fileRef = 11ED121E2AC48F0700831C7F /* ScrollViewBootcamp.swift */; };
		11ED12212AC5816100831C7F /* GridBootcamp.swift in Sources */ = {isa = PBXBuildFile; fileRef = 11ED12202AC5816100831C7F /* GridBootcamp.swift */; };
		11ED12232AC5A08300831C7F /* SafeAreaBootcamp.swift in Sources */ = {isa = PBXBuildFile; fileRef = 11ED12222AC5A08300831C7F /* SafeAreaBootcamp.swift */; };
		11ED12252AC5C15500831C7F /* ButtonsBootcamp.swift in Sources */ = {isa = PBXBuildFile; fileRef = 11ED12242AC5C15500831C7F /* ButtonsBootcamp.swift */; };
		11ED12272AC5D01A00831C7F /* StateBootcamp.swift in Sources */ = {isa = PBXBuildFile; fileRef = 11ED12262AC5D01A00831C7F /* StateBootcamp.swift */; };
		11ED12292AC98E1800831C7F /* NavigationViewBootcamp.swift in Sources */ = {isa = PBXBuildFile; fileRef = 11ED12282AC98E1800831C7F /* NavigationViewBootcamp.swift */; };
		11ED122C2AC9BD2F00831C7F /* ListBootcamp.swift in Sources */ = {isa = PBXBuildFile; fileRef = 11ED122B2AC9BD2F00831C7F /* ListBootcamp.swift */; };
/* End PBXBuildFile section */

/* Begin PBXFileReference section */
		119A680B2AB8C45800F190C6 /* SwiftUIThinkingBootcamp.app */ = {isa = PBXFileReference; explicitFileType = wrapper.application; includeInIndex = 0; path = SwiftUIThinkingBootcamp.app; sourceTree = BUILT_PRODUCTS_DIR; };
		119A680E2AB8C45800F190C6 /* SwiftUIThinkingBootcampApp.swift */ = {isa = PBXFileReference; lastKnownFileType = sourcecode.swift; path = SwiftUIThinkingBootcampApp.swift; sourceTree = "<group>"; };
		119A68102AB8C45800F190C6 /* ContentView.swift */ = {isa = PBXFileReference; lastKnownFileType = sourcecode.swift; path = ContentView.swift; sourceTree = "<group>"; };
		119A68122AB8C45900F190C6 /* Assets.xcassets */ = {isa = PBXFileReference; lastKnownFileType = folder.assetcatalog; path = Assets.xcassets; sourceTree = "<group>"; };
		119A68152AB8C45900F190C6 /* Preview Assets.xcassets */ = {isa = PBXFileReference; lastKnownFileType = folder.assetcatalog; path = "Preview Assets.xcassets"; sourceTree = "<group>"; };
		119A681C2AB8CF2400F190C6 /* TextBootcamp.swift */ = {isa = PBXFileReference; lastKnownFileType = sourcecode.swift; path = TextBootcamp.swift; sourceTree = "<group>"; };
		11BB91962AB8E3A600822599 /* ShapesBootcamp.swift */ = {isa = PBXFileReference; lastKnownFileType = sourcecode.swift; path = ShapesBootcamp.swift; sourceTree = "<group>"; };
		11BB91982AB8EA6C00822599 /* ColorsBootcamp.swift */ = {isa = PBXFileReference; lastKnownFileType = sourcecode.swift; path = ColorsBootcamp.swift; sourceTree = "<group>"; };
		11BB919A2ABA241D00822599 /* GradientsBootcamp.swift */ = {isa = PBXFileReference; lastKnownFileType = sourcecode.swift; path = GradientsBootcamp.swift; sourceTree = "<group>"; };
		11BB919C2ABA2CBF00822599 /* IconsBootcamp.swift */ = {isa = PBXFileReference; lastKnownFileType = sourcecode.swift; path = IconsBootcamp.swift; sourceTree = "<group>"; };
		11BB919E2ABA36DA00822599 /* ImageBootcamp.swift */ = {isa = PBXFileReference; lastKnownFileType = sourcecode.swift; path = ImageBootcamp.swift; sourceTree = "<group>"; };
		11BB91A12ABA3C2F00822599 /* FrameBootcamp.swift */ = {isa = PBXFileReference; lastKnownFileType = sourcecode.swift; path = FrameBootcamp.swift; sourceTree = "<group>"; };
		11BB91A32ABB3C8400822599 /* BackgroundAndOverlayBootcamp.swift */ = {isa = PBXFileReference; lastKnownFileType = sourcecode.swift; path = BackgroundAndOverlayBootcamp.swift; sourceTree = "<group>"; };
		11BB91A62ABB4AB000822599 /* StacksBootcamp.swift */ = {isa = PBXFileReference; lastKnownFileType = sourcecode.swift; path = StacksBootcamp.swift; sourceTree = "<group>"; };
		11BB91A82ABB533E00822599 /* PaddingAndSpacerBootcamp.swift */ = {isa = PBXFileReference; lastKnownFileType = sourcecode.swift; path = PaddingAndSpacerBootcamp.swift; sourceTree = "<group>"; };
		11BB91AA2ABB597400822599 /* SpacerBootcamp.swift */ = {isa = PBXFileReference; lastKnownFileType = sourcecode.swift; path = SpacerBootcamp.swift; sourceTree = "<group>"; };
		11BB91F32AC32DF100822599 /* InitializerBootcamp.swift */ = {isa = PBXFileReference; lastKnownFileType = sourcecode.swift; path = InitializerBootcamp.swift; sourceTree = "<group>"; };
		11ED121C2AC47C8D00831C7F /* ForEachBootcamp.swift */ = {isa = PBXFileReference; lastKnownFileType = sourcecode.swift; path = ForEachBootcamp.swift; sourceTree = "<group>"; };
		11ED121E2AC48F0700831C7F /* ScrollViewBootcamp.swift */ = {isa = PBXFileReference; lastKnownFileType = sourcecode.swift; path = ScrollViewBootcamp.swift; sourceTree = "<group>"; };
		11ED12202AC5816100831C7F /* GridBootcamp.swift */ = {isa = PBXFileReference; lastKnownFileType = sourcecode.swift; path = GridBootcamp.swift; sourceTree = "<group>"; };
		11ED12222AC5A08300831C7F /* SafeAreaBootcamp.swift */ = {isa = PBXFileReference; lastKnownFileType = sourcecode.swift; path = SafeAreaBootcamp.swift; sourceTree = "<group>"; };
		11ED12242AC5C15500831C7F /* ButtonsBootcamp.swift */ = {isa = PBXFileReference; lastKnownFileType = sourcecode.swift; path = ButtonsBootcamp.swift; sourceTree = "<group>"; };
		11ED12262AC5D01A00831C7F /* StateBootcamp.swift */ = {isa = PBXFileReference; lastKnownFileType = sourcecode.swift; path = StateBootcamp.swift; sourceTree = "<group>"; };
		11ED12282AC98E1800831C7F /* NavigationViewBootcamp.swift */ = {isa = PBXFileReference; lastKnownFileType = sourcecode.swift; path = NavigationViewBootcamp.swift; sourceTree = "<group>"; };
		11ED122B2AC9BD2F00831C7F /* ListBootcamp.swift */ = {isa = PBXFileReference; lastKnownFileType = sourcecode.swift; path = ListBootcamp.swift; sourceTree = "<group>"; };
/* End PBXFileReference section */

/* Begin PBXFrameworksBuildPhase section */
		119A68082AB8C45800F190C6 /* Frameworks */ = {
			isa = PBXFrameworksBuildPhase;
			buildActionMask = 2147483647;
			files = (
			);
			runOnlyForDeploymentPostprocessing = 0;
		};
/* End PBXFrameworksBuildPhase section */

/* Begin PBXGroup section */
		119A68022AB8C45800F190C6 = {
			isa = PBXGroup;
			children = (
				119A680D2AB8C45800F190C6 /* SwiftUIThinkingBootcamp */,
				119A680C2AB8C45800F190C6 /* Products */,
			);
			sourceTree = "<group>";
		};
		119A680C2AB8C45800F190C6 /* Products */ = {
			isa = PBXGroup;
			children = (
				119A680B2AB8C45800F190C6 /* SwiftUIThinkingBootcamp.app */,
			);
			name = Products;
			sourceTree = "<group>";
		};
		119A680D2AB8C45800F190C6 /* SwiftUIThinkingBootcamp */ = {
			isa = PBXGroup;
			children = (
				119A680E2AB8C45800F190C6 /* SwiftUIThinkingBootcampApp.swift */,
				119A68102AB8C45800F190C6 /* ContentView.swift */,
				119A681C2AB8CF2400F190C6 /* TextBootcamp.swift */,
				11BB91962AB8E3A600822599 /* ShapesBootcamp.swift */,
				11BB91982AB8EA6C00822599 /* ColorsBootcamp.swift */,
				11BB919A2ABA241D00822599 /* GradientsBootcamp.swift */,
				11BB919C2ABA2CBF00822599 /* IconsBootcamp.swift */,
				11BB919E2ABA36DA00822599 /* ImageBootcamp.swift */,
				11BB91A12ABA3C2F00822599 /* FrameBootcamp.swift */,
				11BB91A32ABB3C8400822599 /* BackgroundAndOverlayBootcamp.swift */,
				11BB91A62ABB4AB000822599 /* StacksBootcamp.swift */,
				11BB91A82ABB533E00822599 /* PaddingAndSpacerBootcamp.swift */,
				11BB91AA2ABB597400822599 /* SpacerBootcamp.swift */,
				11BB91F32AC32DF100822599 /* InitializerBootcamp.swift */,
				11ED121C2AC47C8D00831C7F /* ForEachBootcamp.swift */,
				11ED121E2AC48F0700831C7F /* ScrollViewBootcamp.swift */,
				11ED12202AC5816100831C7F /* GridBootcamp.swift */,
				11ED12222AC5A08300831C7F /* SafeAreaBootcamp.swift */,
				11ED12242AC5C15500831C7F /* ButtonsBootcamp.swift */,
				11ED12262AC5D01A00831C7F /* StateBootcamp.swift */,
				11ED12282AC98E1800831C7F /* NavigationViewBootcamp.swift */,
				11ED122B2AC9BD2F00831C7F /* ListBootcamp.swift */,
				119A68122AB8C45900F190C6 /* Assets.xcassets */,
				119A68142AB8C45900F190C6 /* Preview Content */,
			);
			path = SwiftUIThinkingBootcamp;
			sourceTree = "<group>";
		};
		119A68142AB8C45900F190C6 /* Preview Content */ = {
			isa = PBXGroup;
			children = (
				119A68152AB8C45900F190C6 /* Preview Assets.xcassets */,
			);
			path = "Preview Content";
			sourceTree = "<group>";
		};
/* End PBXGroup section */

/* Begin PBXNativeTarget section */
		119A680A2AB8C45800F190C6 /* SwiftUIThinkingBootcamp */ = {
			isa = PBXNativeTarget;
			buildConfigurationList = 119A68192AB8C45900F190C6 /* Build configuration list for PBXNativeTarget "SwiftUIThinkingBootcamp" */;
			buildPhases = (
				119A68072AB8C45800F190C6 /* Sources */,
				119A68082AB8C45800F190C6 /* Frameworks */,
				119A68092AB8C45800F190C6 /* Resources */,
			);
			buildRules = (
			);
			dependencies = (
			);
			name = SwiftUIThinkingBootcamp;
			productName = SwiftUIThinkingBootcamp;
			productReference = 119A680B2AB8C45800F190C6 /* SwiftUIThinkingBootcamp.app */;
			productType = "com.apple.product-type.application";
		};
/* End PBXNativeTarget section */

/* Begin PBXProject section */
		119A68032AB8C45800F190C6 /* Project object */ = {
			isa = PBXProject;
			attributes = {
				BuildIndependentTargetsInParallel = 1;
				LastSwiftUpdateCheck = 1430;
				LastUpgradeCheck = 1430;
				TargetAttributes = {
					119A680A2AB8C45800F190C6 = {
						CreatedOnToolsVersion = 14.3;
					};
				};
			};
			buildConfigurationList = 119A68062AB8C45800F190C6 /* Build configuration list for PBXProject "SwiftUIThinkingBootcamp" */;
			compatibilityVersion = "Xcode 14.0";
			developmentRegion = en;
			hasScannedForEncodings = 0;
			knownRegions = (
				en,
				Base,
			);
			mainGroup = 119A68022AB8C45800F190C6;
			productRefGroup = 119A680C2AB8C45800F190C6 /* Products */;
			projectDirPath = "";
			projectRoot = "";
			targets = (
				119A680A2AB8C45800F190C6 /* SwiftUIThinkingBootcamp */,
			);
		};
/* End PBXProject section */

/* Begin PBXResourcesBuildPhase section */
		119A68092AB8C45800F190C6 /* Resources */ = {
			isa = PBXResourcesBuildPhase;
			buildActionMask = 2147483647;
			files = (
				119A68162AB8C45900F190C6 /* Preview Assets.xcassets in Resources */,
				119A68132AB8C45900F190C6 /* Assets.xcassets in Resources */,
			);
			runOnlyForDeploymentPostprocessing = 0;
		};
/* End PBXResourcesBuildPhase section */

/* Begin PBXSourcesBuildPhase section */
		119A68072AB8C45800F190C6 /* Sources */ = {
			isa = PBXSourcesBuildPhase;
			buildActionMask = 2147483647;
			files = (
				11ED12272AC5D01A00831C7F /* StateBootcamp.swift in Sources */,
				11BB919B2ABA241D00822599 /* GradientsBootcamp.swift in Sources */,
				11BB91A42ABB3C8400822599 /* BackgroundAndOverlayBootcamp.swift in Sources */,
				11ED121F2AC48F0700831C7F /* ScrollViewBootcamp.swift in Sources */,
				11BB91A92ABB533E00822599 /* PaddingAndSpacerBootcamp.swift in Sources */,
				11BB919D2ABA2CBF00822599 /* IconsBootcamp.swift in Sources */,
				11BB91A22ABA3C2F00822599 /* FrameBootcamp.swift in Sources */,
				11BB91F42AC32DF100822599 /* InitializerBootcamp.swift in Sources */,
				11ED122C2AC9BD2F00831C7F /* ListBootcamp.swift in Sources */,
				11ED12292AC98E1800831C7F /* NavigationViewBootcamp.swift in Sources */,
				11BB91992AB8EA6C00822599 /* ColorsBootcamp.swift in Sources */,
				11ED12252AC5C15500831C7F /* ButtonsBootcamp.swift in Sources */,
				11ED12232AC5A08300831C7F /* SafeAreaBootcamp.swift in Sources */,
				11BB91972AB8E3A600822599 /* ShapesBootcamp.swift in Sources */,
				11ED121D2AC47C8D00831C7F /* ForEachBootcamp.swift in Sources */,
				119A68112AB8C45800F190C6 /* ContentView.swift in Sources */,
				119A681D2AB8CF2400F190C6 /* TextBootcamp.swift in Sources */,
				11BB91A72ABB4AB000822599 /* StacksBootcamp.swift in Sources */,
				11BB91AB2ABB597400822599 /* SpacerBootcamp.swift in Sources */,
				11ED12212AC5816100831C7F /* GridBootcamp.swift in Sources */,
				11BB919F2ABA36DA00822599 /* ImageBootcamp.swift in Sources */,
				119A680F2AB8C45800F190C6 /* SwiftUIThinkingBootcampApp.swift in Sources */,
			);
			runOnlyForDeploymentPostprocessing = 0;
		};
/* End PBXSourcesBuildPhase section */

/* Begin XCBuildConfiguration section */
		119A68172AB8C45900F190C6 /* Debug */ = {
			isa = XCBuildConfiguration;
			buildSettings = {
				ALWAYS_SEARCH_USER_PATHS = NO;
				CLANG_ANALYZER_NONNULL = YES;
				CLANG_ANALYZER_NUMBER_OBJECT_CONVERSION = YES_AGGRESSIVE;
				CLANG_CXX_LANGUAGE_STANDARD = "gnu++20";
				CLANG_ENABLE_MODULES = YES;
				CLANG_ENABLE_OBJC_ARC = YES;
				CLANG_ENABLE_OBJC_WEAK = YES;
				CLANG_WARN_BLOCK_CAPTURE_AUTORELEASING = YES;
				CLANG_WARN_BOOL_CONVERSION = YES;
				CLANG_WARN_COMMA = YES;
				CLANG_WARN_CONSTANT_CONVERSION = YES;
				CLANG_WARN_DEPRECATED_OBJC_IMPLEMENTATIONS = YES;
				CLANG_WARN_DIRECT_OBJC_ISA_USAGE = YES_ERROR;
				CLANG_WARN_DOCUMENTATION_COMMENTS = YES;
				CLANG_WARN_EMPTY_BODY = YES;
				CLANG_WARN_ENUM_CONVERSION = YES;
				CLANG_WARN_INFINITE_RECURSION = YES;
				CLANG_WARN_INT_CONVERSION = YES;
				CLANG_WARN_NON_LITERAL_NULL_CONVERSION = YES;
				CLANG_WARN_OBJC_IMPLICIT_RETAIN_SELF = YES;
				CLANG_WARN_OBJC_LITERAL_CONVERSION = YES;
				CLANG_WARN_OBJC_ROOT_CLASS = YES_ERROR;
				CLANG_WARN_QUOTED_INCLUDE_IN_FRAMEWORK_HEADER = YES;
				CLANG_WARN_RANGE_LOOP_ANALYSIS = YES;
				CLANG_WARN_STRICT_PROTOTYPES = YES;
				CLANG_WARN_SUSPICIOUS_MOVE = YES;
				CLANG_WARN_UNGUARDED_AVAILABILITY = YES_AGGRESSIVE;
				CLANG_WARN_UNREACHABLE_CODE = YES;
				CLANG_WARN__DUPLICATE_METHOD_MATCH = YES;
				COPY_PHASE_STRIP = NO;
				DEBUG_INFORMATION_FORMAT = dwarf;
				ENABLE_STRICT_OBJC_MSGSEND = YES;
				ENABLE_TESTABILITY = YES;
				GCC_C_LANGUAGE_STANDARD = gnu11;
				GCC_DYNAMIC_NO_PIC = NO;
				GCC_NO_COMMON_BLOCKS = YES;
				GCC_OPTIMIZATION_LEVEL = 0;
				GCC_PREPROCESSOR_DEFINITIONS = (
					"DEBUG=1",
					"$(inherited)",
				);
				GCC_WARN_64_TO_32_BIT_CONVERSION = YES;
				GCC_WARN_ABOUT_RETURN_TYPE = YES_ERROR;
				GCC_WARN_UNDECLARED_SELECTOR = YES;
				GCC_WARN_UNINITIALIZED_AUTOS = YES_AGGRESSIVE;
				GCC_WARN_UNUSED_FUNCTION = YES;
				GCC_WARN_UNUSED_VARIABLE = YES;
				IPHONEOS_DEPLOYMENT_TARGET = 16.4;
				MTL_ENABLE_DEBUG_INFO = INCLUDE_SOURCE;
				MTL_FAST_MATH = YES;
				ONLY_ACTIVE_ARCH = YES;
				SDKROOT = iphoneos;
				SWIFT_ACTIVE_COMPILATION_CONDITIONS = DEBUG;
				SWIFT_OPTIMIZATION_LEVEL = "-Onone";
			};
			name = Debug;
		};
		119A68182AB8C45900F190C6 /* Release */ = {
			isa = XCBuildConfiguration;
			buildSettings = {
				ALWAYS_SEARCH_USER_PATHS = NO;
				CLANG_ANALYZER_NONNULL = YES;
				CLANG_ANALYZER_NUMBER_OBJECT_CONVERSION = YES_AGGRESSIVE;
				CLANG_CXX_LANGUAGE_STANDARD = "gnu++20";
				CLANG_ENABLE_MODULES = YES;
				CLANG_ENABLE_OBJC_ARC = YES;
				CLANG_ENABLE_OBJC_WEAK = YES;
				CLANG_WARN_BLOCK_CAPTURE_AUTORELEASING = YES;
				CLANG_WARN_BOOL_CONVERSION = YES;
				CLANG_WARN_COMMA = YES;
				CLANG_WARN_CONSTANT_CONVERSION = YES;
				CLANG_WARN_DEPRECATED_OBJC_IMPLEMENTATIONS = YES;
				CLANG_WARN_DIRECT_OBJC_ISA_USAGE = YES_ERROR;
				CLANG_WARN_DOCUMENTATION_COMMENTS = YES;
				CLANG_WARN_EMPTY_BODY = YES;
				CLANG_WARN_ENUM_CONVERSION = YES;
				CLANG_WARN_INFINITE_RECURSION = YES;
				CLANG_WARN_INT_CONVERSION = YES;
				CLANG_WARN_NON_LITERAL_NULL_CONVERSION = YES;
				CLANG_WARN_OBJC_IMPLICIT_RETAIN_SELF = YES;
				CLANG_WARN_OBJC_LITERAL_CONVERSION = YES;
				CLANG_WARN_OBJC_ROOT_CLASS = YES_ERROR;
				CLANG_WARN_QUOTED_INCLUDE_IN_FRAMEWORK_HEADER = YES;
				CLANG_WARN_RANGE_LOOP_ANALYSIS = YES;
				CLANG_WARN_STRICT_PROTOTYPES = YES;
				CLANG_WARN_SUSPICIOUS_MOVE = YES;
				CLANG_WARN_UNGUARDED_AVAILABILITY = YES_AGGRESSIVE;
				CLANG_WARN_UNREACHABLE_CODE = YES;
				CLANG_WARN__DUPLICATE_METHOD_MATCH = YES;
				COPY_PHASE_STRIP = NO;
				DEBUG_INFORMATION_FORMAT = "dwarf-with-dsym";
				ENABLE_NS_ASSERTIONS = NO;
				ENABLE_STRICT_OBJC_MSGSEND = YES;
				GCC_C_LANGUAGE_STANDARD = gnu11;
				GCC_NO_COMMON_BLOCKS = YES;
				GCC_WARN_64_TO_32_BIT_CONVERSION = YES;
				GCC_WARN_ABOUT_RETURN_TYPE = YES_ERROR;
				GCC_WARN_UNDECLARED_SELECTOR = YES;
				GCC_WARN_UNINITIALIZED_AUTOS = YES_AGGRESSIVE;
				GCC_WARN_UNUSED_FUNCTION = YES;
				GCC_WARN_UNUSED_VARIABLE = YES;
				IPHONEOS_DEPLOYMENT_TARGET = 16.4;
				MTL_ENABLE_DEBUG_INFO = NO;
				MTL_FAST_MATH = YES;
				SDKROOT = iphoneos;
				SWIFT_COMPILATION_MODE = wholemodule;
				SWIFT_OPTIMIZATION_LEVEL = "-O";
				VALIDATE_PRODUCT = YES;
			};
			name = Release;
		};
		119A681A2AB8C45900F190C6 /* Debug */ = {
			isa = XCBuildConfiguration;
			buildSettings = {
				ASSETCATALOG_COMPILER_APPICON_NAME = AppIcon;
				ASSETCATALOG_COMPILER_GLOBAL_ACCENT_COLOR_NAME = AccentColor;
				CODE_SIGN_STYLE = Automatic;
				CURRENT_PROJECT_VERSION = 1;
				DEVELOPMENT_ASSET_PATHS = "\"SwiftUIThinkingBootcamp/Preview Content\"";
				DEVELOPMENT_TEAM = JXRD2AKBWK;
				ENABLE_PREVIEWS = YES;
				GENERATE_INFOPLIST_FILE = YES;
				INFOPLIST_KEY_CFBundleDisplayName = Bootcamp;
				INFOPLIST_KEY_UIApplicationSceneManifest_Generation = YES;
				INFOPLIST_KEY_UIApplicationSupportsIndirectInputEvents = YES;
				INFOPLIST_KEY_UILaunchScreen_Generation = YES;
				INFOPLIST_KEY_UISupportedInterfaceOrientations_iPad = "UIInterfaceOrientationPortrait UIInterfaceOrientationPortraitUpsideDown UIInterfaceOrientationLandscapeLeft UIInterfaceOrientationLandscapeRight";
				INFOPLIST_KEY_UISupportedInterfaceOrientations_iPhone = "UIInterfaceOrientationPortrait UIInterfaceOrientationLandscapeLeft UIInterfaceOrientationLandscapeRight";
				LD_RUNPATH_SEARCH_PATHS = (
					"$(inherited)",
					"@executable_path/Frameworks",
				);
				MARKETING_VERSION = 1.0;
				PRODUCT_BUNDLE_IDENTIFIER = polochanin.alexander.SwiftUIThinkingBootcamp;
				PRODUCT_NAME = "$(TARGET_NAME)";
				SWIFT_EMIT_LOC_STRINGS = YES;
				SWIFT_VERSION = 5.0;
				TARGETED_DEVICE_FAMILY = "1,2";
			};
			name = Debug;
		};
		119A681B2AB8C45900F190C6 /* Release */ = {
			isa = XCBuildConfiguration;
			buildSettings = {
				ASSETCATALOG_COMPILER_APPICON_NAME = AppIcon;
				ASSETCATALOG_COMPILER_GLOBAL_ACCENT_COLOR_NAME = AccentColor;
				CODE_SIGN_STYLE = Automatic;
				CURRENT_PROJECT_VERSION = 1;
				DEVELOPMENT_ASSET_PATHS = "\"SwiftUIThinkingBootcamp/Preview Content\"";
				DEVELOPMENT_TEAM = JXRD2AKBWK;
				ENABLE_PREVIEWS = YES;
				GENERATE_INFOPLIST_FILE = YES;
				INFOPLIST_KEY_CFBundleDisplayName = Bootcamp;
				INFOPLIST_KEY_UIApplicationSceneManifest_Generation = YES;
				INFOPLIST_KEY_UIApplicationSupportsIndirectInputEvents = YES;
				INFOPLIST_KEY_UILaunchScreen_Generation = YES;
				INFOPLIST_KEY_UISupportedInterfaceOrientations_iPad = "UIInterfaceOrientationPortrait UIInterfaceOrientationPortraitUpsideDown UIInterfaceOrientationLandscapeLeft UIInterfaceOrientationLandscapeRight";
				INFOPLIST_KEY_UISupportedInterfaceOrientations_iPhone = "UIInterfaceOrientationPortrait UIInterfaceOrientationLandscapeLeft UIInterfaceOrientationLandscapeRight";
				LD_RUNPATH_SEARCH_PATHS = (
					"$(inherited)",
					"@executable_path/Frameworks",
				);
				MARKETING_VERSION = 1.0;
				PRODUCT_BUNDLE_IDENTIFIER = polochanin.alexander.SwiftUIThinkingBootcamp;
				PRODUCT_NAME = "$(TARGET_NAME)";
				SWIFT_EMIT_LOC_STRINGS = YES;
				SWIFT_VERSION = 5.0;
				TARGETED_DEVICE_FAMILY = "1,2";
			};
			name = Release;
		};
/* End XCBuildConfiguration section */

/* Begin XCConfigurationList section */
		119A68062AB8C45800F190C6 /* Build configuration list for PBXProject "SwiftUIThinkingBootcamp" */ = {
			isa = XCConfigurationList;
			buildConfigurations = (
				119A68172AB8C45900F190C6 /* Debug */,
				119A68182AB8C45900F190C6 /* Release */,
			);
			defaultConfigurationIsVisible = 0;
			defaultConfigurationName = Release;
		};
		119A68192AB8C45900F190C6 /* Build configuration list for PBXNativeTarget "SwiftUIThinkingBootcamp" */ = {
			isa = XCConfigurationList;
			buildConfigurations = (
				119A681A2AB8C45900F190C6 /* Debug */,
				119A681B2AB8C45900F190C6 /* Release */,
			);
			defaultConfigurationIsVisible = 0;
			defaultConfigurationName = Release;
		};
/* End XCConfigurationList section */
	};
	rootObject = 119A68032AB8C45800F190C6 /* Project object */;
}
